schema: '2.0'
stages:
  prepare-dataset:
    cmd: python ./prepare_data.py -cn train_partnet
    deps:
    - path: ./configs/datasets/partnet.yaml
      md5: 097a4b8ef60337d96e3d44ce47d195fa
      size: 479
    - path: ./configs/prepare_dataset.yaml
      md5: a3062335adb739db6ffc0a8414f4c051
      size: 310
    - path: ./configs/train_partnet.yaml
      md5: 2d9d530de365eaec73bb194d703bb8cc
      size: 2057
    - path: ./configs/transforms/partnet
      md5: 2499c46d4f24af6562f2cfbe29836a3d.dir
      size: 174
      nfiles: 1
    - path: ./datasets/raw/partnet
      md5: dd584622dcb0513c63268da925d6c704.dir
      size: 6185268475
      nfiles: 4
    - path: ./prepare_data.py
      md5: 9155e7964b9a17d2d32e12fc3564af0b
      size: 496
    - path: ./training/data/partnet
      md5: 03e0d7b6c449e88eb88355c28dcae97b.dir
      size: 17096
      nfiles: 6
    outs:
    - path: ./datasets/partnet
      md5: 32a991ebfb0ca974700ad99ea844ed3c.dir
      size: 862
      nfiles: 2
